
Microsoft Visual Studio Solution File, Format Version 12.00
# Visual Studio Version 17
VisualStudioVersion = 17.4.33213.308
MinimumVisualStudioVersion = 10.0.40219.1
Project("{9A19103F-16F7-4668-BE54-9A1E7A4F7556}") = "RPGHeroes", "RPGHeroes.csproj", "{FF4CF505-4079-4504-B1FB-981708AD447E}"
EndProject
Project("{9A19103F-16F7-4668-BE54-9A1E7A4F7556}") = "RPGHeroesTestsX", "RPGHeroesTestsX\RPGHeroesTestsX.csproj", "{77E55763-A75D-4AB5-9665-D7C75E5348CE}"
EndProject
Global
	GlobalSection(SolutionConfigurationPlatforms) = preSolution
		Debug|Any CPU = Debug|Any CPU
		Release|Any CPU = Release|Any CPU
	EndGlobalSection
	GlobalSection(ProjectConfigurationPlatforms) = postSolution
		{FF4CF505-4079-4504-B1FB-981708AD447E}.Debug|Any CPU.ActiveCfg = Debug|Any CPU
		{FF4CF505-4079-4504-B1FB-981708AD447E}.Debug|Any CPU.Build.0 = Debug|Any CPU
		{FF4CF505-4079-4504-B1FB-981708AD447E}.Release|Any CPU.ActiveCfg = Release|Any CPU
		{FF4CF505-4079-4504-B1FB-981708AD447E}.Release|Any CPU.Build.0 = Release|Any CPU
		{77E55763-A75D-4AB5-9665-D7C75E5348CE}.Debug|Any CPU.ActiveCfg = Debug|Any CPU
		{77E55763-A75D-4AB5-9665-D7C75E5348CE}.Debug|Any CPU.Build.0 = Debug|Any CPU
		{77E55763-A75D-4AB5-9665-D7C75E5348CE}.Release|Any CPU.ActiveCfg = Release|Any CPU
		{77E55763-A75D-4AB5-9665-D7C75E5348CE}.Release|Any CPU.Build.0 = Release|Any CPU
	EndGlobalSection
	GlobalSection(SolutionProperties) = preSolution
		HideSolutionNode = FALSE
	EndGlobalSection
	GlobalSection(ExtensibilityGlobals) = postSolution
		SolutionGuid = {BCF4EC60-2BF1-4F1B-950E-2C0FEF737ACA}
	EndGlobalSection
EndGlobal
